// !$*UTF8*$!
{
	archiveVersion = 1;
	classes = {
	};
	objectVersion = 52;
	objects = {

/* Begin PBXBuildFile section */
		3304C7F626E116940003E6A4 /* SnapKit in Frameworks */ = {isa = PBXBuildFile; productRef = 3304C7F526E116940003E6A4 /* SnapKit */; };
		3304C7F926E116C40003E6A4 /* IQKeyboardManagerSwift in Frameworks */ = {isa = PBXBuildFile; productRef = 3304C7F826E116C40003E6A4 /* IQKeyboardManagerSwift */; };
		E2168B38226A2F9300163F7C /* SecondViewController.swift in Sources */ = {isa = PBXBuildFile; fileRef = E2168B37226A2F9300163F7C /* SecondViewController.swift */; };
		E2168B3A226A353000163F7C /* OpenSans-Regular.ttf in Resources */ = {isa = PBXBuildFile; fileRef = E2168B39226A351400163F7C /* OpenSans-Regular.ttf */; };
		E2168B3C226A3B0D00163F7C /* OpenSans-Bold.ttf in Resources */ = {isa = PBXBuildFile; fileRef = E2168B3B226A3AE000163F7C /* OpenSans-Bold.ttf */; };
		E2168B3E226A418400163F7C /* Assets.xcassets in Resources */ = {isa = PBXBuildFile; fileRef = E2168B3D226A418400163F7C /* Assets.xcassets */; };
		E21C007D2268EFEC00E0ECCD /* AppDelegate.swift in Sources */ = {isa = PBXBuildFile; fileRef = E21C007C2268EFEC00E0ECCD /* AppDelegate.swift */; };
		E21C007F2268EFEC00E0ECCD /* ViewController.swift in Sources */ = {isa = PBXBuildFile; fileRef = E21C007E2268EFEC00E0ECCD /* ViewController.swift */; };
		E21C00822268EFEC00E0ECCD /* Main.storyboard in Resources */ = {isa = PBXBuildFile; fileRef = E21C00802268EFEC00E0ECCD /* Main.storyboard */; };
		E21C00872268EFEE00E0ECCD /* LaunchScreen.storyboard in Resources */ = {isa = PBXBuildFile; fileRef = E21C00852268EFEE00E0ECCD /* LaunchScreen.storyboard */; };
		E21C00902268FBB800E0ECCD /* RobotoSlab-Bold.ttf in Resources */ = {isa = PBXBuildFile; fileRef = E21C008F2268FB7800E0ECCD /* RobotoSlab-Bold.ttf */; };
		E21C00922268FCDC00E0ECCD /* RobotoSlab-Light.ttf in Resources */ = {isa = PBXBuildFile; fileRef = E21C00912268FCD600E0ECCD /* RobotoSlab-Light.ttf */; };
		E21C0094226903E000E0ECCD /* FormTextField.swift in Sources */ = {isa = PBXBuildFile; fileRef = E21C0093226903E000E0ECCD /* FormTextField.swift */; };
		E2A0BEE0226C28C3001F43AA /* WorkSans-Black.otf in Resources */ = {isa = PBXBuildFile; fileRef = E2A0BEDD226C28BB001F43AA /* WorkSans-Black.otf */; };
		E2A0BEE1226C28D1001F43AA /* WorkSans-Bold.otf in Resources */ = {isa = PBXBuildFile; fileRef = E2A0BEDF226C28BB001F43AA /* WorkSans-Bold.otf */; };
		E2A0BEE2226C28D6001F43AA /* WorkSans-Regular.otf in Resources */ = {isa = PBXBuildFile; fileRef = E2A0BEDE226C28BB001F43AA /* WorkSans-Regular.otf */; };
		E2A0BEE4226C3536001F43AA /* ThirdViewController.swift in Sources */ = {isa = PBXBuildFile; fileRef = E2A0BEE3226C3536001F43AA /* ThirdViewController.swift */; };
		E2A0BEE8226C5757001F43AA /* Oxygen-Bold.ttf in Resources */ = {isa = PBXBuildFile; fileRef = E2A0BEE6226C5720001F43AA /* Oxygen-Bold.ttf */; };
		E2A0BEE9226C576D001F43AA /* Oxygen-Regular.ttf in Resources */ = {isa = PBXBuildFile; fileRef = E2A0BEE7226C5720001F43AA /* Oxygen-Regular.ttf */; };
		E2A0BEEB226C6062001F43AA /* FiveViewController.swift in Sources */ = {isa = PBXBuildFile; fileRef = E2A0BEEA226C6062001F43AA /* FiveViewController.swift */; };
		E2A0BEED226C77A5001F43AA /* FourViewController.swift in Sources */ = {isa = PBXBuildFile; fileRef = E2A0BEEC226C77A5001F43AA /* FourViewController.swift */; };
		E2A0BEF1226C79F8001F43AA /* MavenPro-Bold.ttf in Resources */ = {isa = PBXBuildFile; fileRef = E2A0BEEE226C79F0001F43AA /* MavenPro-Bold.ttf */; };
		E2A0BEF2226C7A1E001F43AA /* MavenPro-Medium.ttf in Resources */ = {isa = PBXBuildFile; fileRef = E2A0BEEF226C79F1001F43AA /* MavenPro-Medium.ttf */; };
		E2A0BEF3226C7A34001F43AA /* MavenPro-Regular.ttf in Resources */ = {isa = PBXBuildFile; fileRef = E2A0BEF0226C79F1001F43AA /* MavenPro-Regular.ttf */; };
		E2A0BEF5226CEA1C001F43AA /* ShadowView.swift in Sources */ = {isa = PBXBuildFile; fileRef = E2A0BEF4226CEA1C001F43AA /* ShadowView.swift */; };
		E2A0BEF7226D8BC3001F43AA /* SixViewController.swift in Sources */ = {isa = PBXBuildFile; fileRef = E2A0BEF6226D8BC3001F43AA /* SixViewController.swift */; };
		E2A0BEFA226D8CD6001F43AA /* NunitoSans-Bold.ttf in Resources */ = {isa = PBXBuildFile; fileRef = E2A0BEF8226D8CB7001F43AA /* NunitoSans-Bold.ttf */; };
		E2A0BEFB226D8CF0001F43AA /* NunitoSans-Regular.ttf in Resources */ = {isa = PBXBuildFile; fileRef = E2A0BEF9226D8CB7001F43AA /* NunitoSans-Regular.ttf */; };
		E2A0BEFD226D92F0001F43AA /* DesignableUITextField.swift in Sources */ = {isa = PBXBuildFile; fileRef = E2A0BEFC226D92F0001F43AA /* DesignableUITextField.swift */; };
/* End PBXBuildFile section */

/* Begin PBXFileReference section */
		E2168B37226A2F9300163F7C /* SecondViewController.swift */ = {isa = PBXFileReference; lastKnownFileType = sourcecode.swift; path = SecondViewController.swift; sourceTree = "<group>"; };
		E2168B39226A351400163F7C /* OpenSans-Regular.ttf */ = {isa = PBXFileReference; lastKnownFileType = file; path = "OpenSans-Regular.ttf"; sourceTree = "<group>"; };
		E2168B3B226A3AE000163F7C /* OpenSans-Bold.ttf */ = {isa = PBXFileReference; lastKnownFileType = file; path = "OpenSans-Bold.ttf"; sourceTree = "<group>"; };
		E2168B3D226A418400163F7C /* Assets.xcassets */ = {isa = PBXFileReference; lastKnownFileType = folder.assetcatalog; path = Assets.xcassets; sourceTree = "<group>"; };
		E21C00792268EFEC00E0ECCD /* Login-Designs.app */ = {isa = PBXFileReference; explicitFileType = wrapper.application; includeInIndex = 0; path = "Login-Designs.app"; sourceTree = BUILT_PRODUCTS_DIR; };
		E21C007C2268EFEC00E0ECCD /* AppDelegate.swift */ = {isa = PBXFileReference; lastKnownFileType = sourcecode.swift; path = AppDelegate.swift; sourceTree = "<group>"; };
		E21C007E2268EFEC00E0ECCD /* ViewController.swift */ = {isa = PBXFileReference; lastKnownFileType = sourcecode.swift; path = ViewController.swift; sourceTree = "<group>"; };
		E21C00812268EFEC00E0ECCD /* Base */ = {isa = PBXFileReference; lastKnownFileType = file.storyboard; name = Base; path = Base.lproj/Main.storyboard; sourceTree = "<group>"; };
		E21C00862268EFEE00E0ECCD /* Base */ = {isa = PBXFileReference; lastKnownFileType = file.storyboard; name = Base; path = Base.lproj/LaunchScreen.storyboard; sourceTree = "<group>"; };
		E21C00882268EFEE00E0ECCD /* Info.plist */ = {isa = PBXFileReference; lastKnownFileType = text.plist.xml; path = Info.plist; sourceTree = "<group>"; };
		E21C008F2268FB7800E0ECCD /* RobotoSlab-Bold.ttf */ = {isa = PBXFileReference; lastKnownFileType = file; path = "RobotoSlab-Bold.ttf"; sourceTree = "<group>"; };
		E21C00912268FCD600E0ECCD /* RobotoSlab-Light.ttf */ = {isa = PBXFileReference; lastKnownFileType = file; path = "RobotoSlab-Light.ttf"; sourceTree = "<group>"; };
		E21C0093226903E000E0ECCD /* FormTextField.swift */ = {isa = PBXFileReference; lastKnownFileType = sourcecode.swift; path = FormTextField.swift; sourceTree = "<group>"; };
		E2A0BEDD226C28BB001F43AA /* WorkSans-Black.otf */ = {isa = PBXFileReference; lastKnownFileType = file; path = "WorkSans-Black.otf"; sourceTree = "<group>"; };
		E2A0BEDE226C28BB001F43AA /* WorkSans-Regular.otf */ = {isa = PBXFileReference; lastKnownFileType = file; path = "WorkSans-Regular.otf"; sourceTree = "<group>"; };
		E2A0BEDF226C28BB001F43AA /* WorkSans-Bold.otf */ = {isa = PBXFileReference; lastKnownFileType = file; path = "WorkSans-Bold.otf"; sourceTree = "<group>"; };
		E2A0BEE3226C3536001F43AA /* ThirdViewController.swift */ = {isa = PBXFileReference; lastKnownFileType = sourcecode.swift; path = ThirdViewController.swift; sourceTree = "<group>"; };
		E2A0BEE6226C5720001F43AA /* Oxygen-Bold.ttf */ = {isa = PBXFileReference; lastKnownFileType = file; path = "Oxygen-Bold.ttf"; sourceTree = "<group>"; };
		E2A0BEE7226C5720001F43AA /* Oxygen-Regular.ttf */ = {isa = PBXFileReference; lastKnownFileType = file; path = "Oxygen-Regular.ttf"; sourceTree = "<group>"; };
		E2A0BEEA226C6062001F43AA /* FiveViewController.swift */ = {isa = PBXFileReference; lastKnownFileType = sourcecode.swift; path = FiveViewController.swift; sourceTree = "<group>"; };
		E2A0BEEC226C77A5001F43AA /* FourViewController.swift */ = {isa = PBXFileReference; lastKnownFileType = sourcecode.swift; path = FourViewController.swift; sourceTree = "<group>"; };
		E2A0BEEE226C79F0001F43AA /* MavenPro-Bold.ttf */ = {isa = PBXFileReference; lastKnownFileType = file; path = "MavenPro-Bold.ttf"; sourceTree = "<group>"; };
		E2A0BEEF226C79F1001F43AA /* MavenPro-Medium.ttf */ = {isa = PBXFileReference; lastKnownFileType = file; path = "MavenPro-Medium.ttf"; sourceTree = "<group>"; };
		E2A0BEF0226C79F1001F43AA /* MavenPro-Regular.ttf */ = {isa = PBXFileReference; lastKnownFileType = file; path = "MavenPro-Regular.ttf"; sourceTree = "<group>"; };
		E2A0BEF4226CEA1C001F43AA /* ShadowView.swift */ = {isa = PBXFileReference; lastKnownFileType = sourcecode.swift; path = ShadowView.swift; sourceTree = "<group>"; };
		E2A0BEF6226D8BC3001F43AA /* SixViewController.swift */ = {isa = PBXFileReference; lastKnownFileType = sourcecode.swift; path = SixViewController.swift; sourceTree = "<group>"; };
		E2A0BEF8226D8CB7001F43AA /* NunitoSans-Bold.ttf */ = {isa = PBXFileReference; lastKnownFileType = file; path = "NunitoSans-Bold.ttf"; sourceTree = "<group>"; };
		E2A0BEF9226D8CB7001F43AA /* NunitoSans-Regular.ttf */ = {isa = PBXFileReference; lastKnownFileType = file; path = "NunitoSans-Regular.ttf"; sourceTree = "<group>"; };
		E2A0BEFC226D92F0001F43AA /* DesignableUITextField.swift */ = {isa = PBXFileReference; lastKnownFileType = sourcecode.swift; path = DesignableUITextField.swift; sourceTree = "<group>"; };
/* End PBXFileReference section */

/* Begin PBXFrameworksBuildPhase section */
		E21C00762268EFEC00E0ECCD /* Frameworks */ = {
			isa = PBXFrameworksBuildPhase;
			buildActionMask = 2147483647;
			files = (
				3304C7F626E116940003E6A4 /* SnapKit in Frameworks */,
				3304C7F926E116C40003E6A4 /* IQKeyboardManagerSwift in Frameworks */,
			);
			runOnlyForDeploymentPostprocessing = 0;
		};
/* End PBXFrameworksBuildPhase section */

/* Begin PBXGroup section */
		E21C00702268EFEC00E0ECCD = {
			isa = PBXGroup;
			children = (
				E21C007B2268EFEC00E0ECCD /* Login-Designs */,
				E21C007A2268EFEC00E0ECCD /* Products */,
			);
			sourceTree = "<group>";
		};
		E21C007A2268EFEC00E0ECCD /* Products */ = {
			isa = PBXGroup;
			children = (
				E21C00792268EFEC00E0ECCD /* Login-Designs.app */,
			);
			name = Products;
			sourceTree = "<group>";
		};
		E21C007B2268EFEC00E0ECCD /* Login-Designs */ = {
			isa = PBXGroup;
			children = (
				EEF9AF4A2283176A00485992 /* AppDelegate */,
				E21C008E2268FB1F00E0ECCD /* fonts */,
				EEF9AF4C2283180200485992 /* CustomViews */,
				E2ED919F226DB4C4004C76B7 /* ViewControllers */,
				EEF9AF4B228317C400485992 /* Storyboards */,
				E2168B3D226A418400163F7C /* Assets.xcassets */,
				E21C00882268EFEE00E0ECCD /* Info.plist */,
			);
			path = "Login-Designs";
			sourceTree = "<group>";
		};
		E21C008E2268FB1F00E0ECCD /* fonts */ = {
			isa = PBXGroup;
			children = (
				E21C008F2268FB7800E0ECCD /* RobotoSlab-Bold.ttf */,
				E2A0BEEE226C79F0001F43AA /* MavenPro-Bold.ttf */,
				E2A0BEEF226C79F1001F43AA /* MavenPro-Medium.ttf */,
				E2A0BEF0226C79F1001F43AA /* MavenPro-Regular.ttf */,
				E21C00912268FCD600E0ECCD /* RobotoSlab-Light.ttf */,
				E2168B39226A351400163F7C /* OpenSans-Regular.ttf */,
				E2168B3B226A3AE000163F7C /* OpenSans-Bold.ttf */,
				E2A0BEDD226C28BB001F43AA /* WorkSans-Black.otf */,
				E2A0BEDF226C28BB001F43AA /* WorkSans-Bold.otf */,
				E2A0BEDE226C28BB001F43AA /* WorkSans-Regular.otf */,
				E2A0BEE6226C5720001F43AA /* Oxygen-Bold.ttf */,
				E2A0BEE7226C5720001F43AA /* Oxygen-Regular.ttf */,
				E2A0BEF8226D8CB7001F43AA /* NunitoSans-Bold.ttf */,
				E2A0BEF9226D8CB7001F43AA /* NunitoSans-Regular.ttf */,
			);
			path = fonts;
			sourceTree = "<group>";
		};
		E2ED919F226DB4C4004C76B7 /* ViewControllers */ = {
			isa = PBXGroup;
			children = (
				E21C007E2268EFEC00E0ECCD /* ViewController.swift */,
				E2A0BEF6226D8BC3001F43AA /* SixViewController.swift */,
				E2A0BEEC226C77A5001F43AA /* FourViewController.swift */,
				E2A0BEEA226C6062001F43AA /* FiveViewController.swift */,
				E2A0BEE3226C3536001F43AA /* ThirdViewController.swift */,
				E2168B37226A2F9300163F7C /* SecondViewController.swift */,
			);
			path = ViewControllers;
			sourceTree = "<group>";
		};
		EEF9AF4A2283176A00485992 /* AppDelegate */ = {
			isa = PBXGroup;
			children = (
				E21C007C2268EFEC00E0ECCD /* AppDelegate.swift */,
			);
			path = AppDelegate;
			sourceTree = "<group>";
		};
		EEF9AF4B228317C400485992 /* Storyboards */ = {
			isa = PBXGroup;
			children = (
				E21C00852268EFEE00E0ECCD /* LaunchScreen.storyboard */,
				E21C00802268EFEC00E0ECCD /* Main.storyboard */,
			);
			path = Storyboards;
			sourceTree = "<group>";
		};
		EEF9AF4C2283180200485992 /* CustomViews */ = {
			isa = PBXGroup;
			children = (
				E21C0093226903E000E0ECCD /* FormTextField.swift */,
				E2A0BEFC226D92F0001F43AA /* DesignableUITextField.swift */,
				E2A0BEF4226CEA1C001F43AA /* ShadowView.swift */,
			);
			path = CustomViews;
			sourceTree = "<group>";
		};
/* End PBXGroup section */

/* Begin PBXNativeTarget section */
		E21C00782268EFEC00E0ECCD /* Login-Designs */ = {
			isa = PBXNativeTarget;
			buildConfigurationList = E21C008B2268EFEE00E0ECCD /* Build configuration list for PBXNativeTarget "Login-Designs" */;
			buildPhases = (
				E21C00752268EFEC00E0ECCD /* Sources */,
				E21C00762268EFEC00E0ECCD /* Frameworks */,
				E21C00772268EFEC00E0ECCD /* Resources */,
			);
			buildRules = (
			);
			dependencies = (
			);
			name = "Login-Designs";
			packageProductDependencies = (
				3304C7F526E116940003E6A4 /* SnapKit */,
				3304C7F826E116C40003E6A4 /* IQKeyboardManagerSwift */,
			);
			productName = "Login-Designs";
			productReference = E21C00792268EFEC00E0ECCD /* Login-Designs.app */;
			productType = "com.apple.product-type.application";
		};
/* End PBXNativeTarget section */

/* Begin PBXProject section */
		E21C00712268EFEC00E0ECCD /* Project object */ = {
			isa = PBXProject;
			attributes = {
				LastSwiftUpdateCheck = 1020;
				LastUpgradeCheck = 1300;
				ORGANIZATIONNAME = "Gerald Brigen";
				TargetAttributes = {
					E21C00782268EFEC00E0ECCD = {
						CreatedOnToolsVersion = 10.2;
					};
				};
			};
			buildConfigurationList = E21C00742268EFEC00E0ECCD /* Build configuration list for PBXProject "Login-Designs" */;
			compatibilityVersion = "Xcode 9.3";
			developmentRegion = en;
			hasScannedForEncodings = 0;
			knownRegions = (
				en,
				Base,
			);
			mainGroup = E21C00702268EFEC00E0ECCD;
			packageReferences = (
				3304C7F426E116940003E6A4 /* XCRemoteSwiftPackageReference "SnapKit" */,
				3304C7F726E116C40003E6A4 /* XCRemoteSwiftPackageReference "IQKeyboardManager" */,
			);
			productRefGroup = E21C007A2268EFEC00E0ECCD /* Products */;
			projectDirPath = "";
			projectRoot = "";
			targets = (
				E21C00782268EFEC00E0ECCD /* Login-Designs */,
			);
		};
/* End PBXProject section */

/* Begin PBXResourcesBuildPhase section */
		E21C00772268EFEC00E0ECCD /* Resources */ = {
			isa = PBXResourcesBuildPhase;
			buildActionMask = 2147483647;
			files = (
				E21C00902268FBB800E0ECCD /* RobotoSlab-Bold.ttf in Resources */,
				E2A0BEF3226C7A34001F43AA /* MavenPro-Regular.ttf in Resources */,
				E2A0BEFB226D8CF0001F43AA /* NunitoSans-Regular.ttf in Resources */,
				E2A0BEE8226C5757001F43AA /* Oxygen-Bold.ttf in Resources */,
				E2A0BEF1226C79F8001F43AA /* MavenPro-Bold.ttf in Resources */,
				E2168B3C226A3B0D00163F7C /* OpenSans-Bold.ttf in Resources */,
				E2A0BEE9226C576D001F43AA /* Oxygen-Regular.ttf in Resources */,
				E21C00922268FCDC00E0ECCD /* RobotoSlab-Light.ttf in Resources */,
				E2A0BEE0226C28C3001F43AA /* WorkSans-Black.otf in Resources */,
				E2A0BEE2226C28D6001F43AA /* WorkSans-Regular.otf in Resources */,
				E21C00872268EFEE00E0ECCD /* LaunchScreen.storyboard in Resources */,
				E2A0BEF2226C7A1E001F43AA /* MavenPro-Medium.ttf in Resources */,
				E2168B3E226A418400163F7C /* Assets.xcassets in Resources */,
				E2168B3A226A353000163F7C /* OpenSans-Regular.ttf in Resources */,
				E21C00822268EFEC00E0ECCD /* Main.storyboard in Resources */,
				E2A0BEE1226C28D1001F43AA /* WorkSans-Bold.otf in Resources */,
				E2A0BEFA226D8CD6001F43AA /* NunitoSans-Bold.ttf in Resources */,
			);
			runOnlyForDeploymentPostprocessing = 0;
		};
/* End PBXResourcesBuildPhase section */

/* Begin PBXSourcesBuildPhase section */
		E21C00752268EFEC00E0ECCD /* Sources */ = {
			isa = PBXSourcesBuildPhase;
			buildActionMask = 2147483647;
			files = (
				E2A0BEF7226D8BC3001F43AA /* SixViewController.swift in Sources */,
				E2168B38226A2F9300163F7C /* SecondViewController.swift in Sources */,
				E21C007F2268EFEC00E0ECCD /* ViewController.swift in Sources */,
				E2A0BEED226C77A5001F43AA /* FourViewController.swift in Sources */,
				E2A0BEE4226C3536001F43AA /* ThirdViewController.swift in Sources */,
				E2A0BEF5226CEA1C001F43AA /* ShadowView.swift in Sources */,
				E21C0094226903E000E0ECCD /* FormTextField.swift in Sources */,
				E2A0BEFD226D92F0001F43AA /* DesignableUITextField.swift in Sources */,
				E2A0BEEB226C6062001F43AA /* FiveViewController.swift in Sources */,
				E21C007D2268EFEC00E0ECCD /* AppDelegate.swift in Sources */,
			);
			runOnlyForDeploymentPostprocessing = 0;
		};
/* End PBXSourcesBuildPhase section */

/* Begin PBXVariantGroup section */
		E21C00802268EFEC00E0ECCD /* Main.storyboard */ = {
			isa = PBXVariantGroup;
			children = (
				E21C00812268EFEC00E0ECCD /* Base */,
			);
			name = Main.storyboard;
			sourceTree = "<group>";
		};
		E21C00852268EFEE00E0ECCD /* LaunchScreen.storyboard */ = {
			isa = PBXVariantGroup;
			children = (
				E21C00862268EFEE00E0ECCD /* Base */,
			);
			name = LaunchScreen.storyboard;
			sourceTree = "<group>";
		};
/* End PBXVariantGroup section */

/* Begin XCBuildConfiguration section */
		E21C00892268EFEE00E0ECCD /* Debug */ = {
			isa = XCBuildConfiguration;
			buildSettings = {
				ALWAYS_SEARCH_USER_PATHS = NO;
				CLANG_ANALYZER_NONNULL = YES;
				CLANG_ANALYZER_NUMBER_OBJECT_CONVERSION = YES_AGGRESSIVE;
				CLANG_CXX_LANGUAGE_STANDARD = "gnu++14";
				CLANG_CXX_LIBRARY = "libc++";
				CLANG_ENABLE_MODULES = YES;
				CLANG_ENABLE_OBJC_ARC = YES;
				CLANG_ENABLE_OBJC_WEAK = YES;
				CLANG_WARN_BLOCK_CAPTURE_AUTORELEASING = YES;
				CLANG_WARN_BOOL_CONVERSION = YES;
				CLANG_WARN_COMMA = YES;
				CLANG_WARN_CONSTANT_CONVERSION = YES;
				CLANG_WARN_DEPRECATED_OBJC_IMPLEMENTATIONS = YES;
				CLANG_WARN_DIRECT_OBJC_ISA_USAGE = YES_ERROR;
				CLANG_WARN_DOCUMENTATION_COMMENTS = YES;
				CLANG_WARN_EMPTY_BODY = YES;
				CLANG_WARN_ENUM_CONVERSION = YES;
				CLANG_WARN_INFINITE_RECURSION = YES;
				CLANG_WARN_INT_CONVERSION = YES;
				CLANG_WARN_NON_LITERAL_NULL_CONVERSION = YES;
				CLANG_WARN_OBJC_IMPLICIT_RETAIN_SELF = YES;
				CLANG_WARN_OBJC_LITERAL_CONVERSION = YES;
				CLANG_WARN_OBJC_ROOT_CLASS = YES_ERROR;
				CLANG_WARN_QUOTED_INCLUDE_IN_FRAMEWORK_HEADER = YES;
				CLANG_WARN_RANGE_LOOP_ANALYSIS = YES;
				CLANG_WARN_STRICT_PROTOTYPES = YES;
				CLANG_WARN_SUSPICIOUS_MOVE = YES;
				CLANG_WARN_UNGUARDED_AVAILABILITY = YES_AGGRESSIVE;
				CLANG_WARN_UNREACHABLE_CODE = YES;
				CLANG_WARN__DUPLICATE_METHOD_MATCH = YES;
				CODE_SIGN_IDENTITY = "iPhone Developer";
				COPY_PHASE_STRIP = NO;
				DEBUG_INFORMATION_FORMAT = dwarf;
				ENABLE_STRICT_OBJC_MSGSEND = YES;
				ENABLE_TESTABILITY = YES;
				GCC_C_LANGUAGE_STANDARD = gnu11;
				GCC_DYNAMIC_NO_PIC = NO;
				GCC_NO_COMMON_BLOCKS = YES;
				GCC_OPTIMIZATION_LEVEL = 0;
				GCC_PREPROCESSOR_DEFINITIONS = (
					"DEBUG=1",
					"$(inherited)",
				);
				GCC_WARN_64_TO_32_BIT_CONVERSION = YES;
				GCC_WARN_ABOUT_RETURN_TYPE = YES_ERROR;
				GCC_WARN_UNDECLARED_SELECTOR = YES;
				GCC_WARN_UNINITIALIZED_AUTOS = YES_AGGRESSIVE;
				GCC_WARN_UNUSED_FUNCTION = YES;
				GCC_WARN_UNUSED_VARIABLE = YES;
				IPHONEOS_DEPLOYMENT_TARGET = 12.2;
				MTL_ENABLE_DEBUG_INFO = INCLUDE_SOURCE;
				MTL_FAST_MATH = YES;
				ONLY_ACTIVE_ARCH = YES;
				SDKROOT = iphoneos;
				SWIFT_ACTIVE_COMPILATION_CONDITIONS = DEBUG;
				SWIFT_OPTIMIZATION_LEVEL = "-Onone";
			};
			name = Debug;
		};
		E21C008A2268EFEE00E0ECCD /* Release */ = {
			isa = XCBuildConfiguration;
			buildSettings = {
				ALWAYS_SEARCH_USER_PATHS = NO;
				CLANG_ANALYZER_NONNULL = YES;
				CLANG_ANALYZER_NUMBER_OBJECT_CONVERSION = YES_AGGRESSIVE;
				CLANG_CXX_LANGUAGE_STANDARD = "gnu++14";
				CLANG_CXX_LIBRARY = "libc++";
				CLANG_ENABLE_MODULES = YES;
				CLANG_ENABLE_OBJC_ARC = YES;
				CLANG_ENABLE_OBJC_WEAK = YES;
				CLANG_WARN_BLOCK_CAPTURE_AUTORELEASING = YES;
				CLANG_WARN_BOOL_CONVERSION = YES;
				CLANG_WARN_COMMA = YES;
				CLANG_WARN_CONSTANT_CONVERSION = YES;
				CLANG_WARN_DEPRECATED_OBJC_IMPLEMENTATIONS = YES;
				CLANG_WARN_DIRECT_OBJC_ISA_USAGE = YES_ERROR;
				CLANG_WARN_DOCUMENTATION_COMMENTS = YES;
				CLANG_WARN_EMPTY_BODY = YES;
				CLANG_WARN_ENUM_CONVERSION = YES;
				CLANG_WARN_INFINITE_RECURSION = YES;
				CLANG_WARN_INT_CONVERSION = YES;
				CLANG_WARN_NON_LITERAL_NULL_CONVERSION = YES;
				CLANG_WARN_OBJC_IMPLICIT_RETAIN_SELF = YES;
				CLANG_WARN_OBJC_LITERAL_CONVERSION = YES;
				CLANG_WARN_OBJC_ROOT_CLASS = YES_ERROR;
				CLANG_WARN_QUOTED_INCLUDE_IN_FRAMEWORK_HEADER = YES;
				CLANG_WARN_RANGE_LOOP_ANALYSIS = YES;
				CLANG_WARN_STRICT_PROTOTYPES = YES;
				CLANG_WARN_SUSPICIOUS_MOVE = YES;
				CLANG_WARN_UNGUARDED_AVAILABILITY = YES_AGGRESSIVE;
				CLANG_WARN_UNREACHABLE_CODE = YES;
				CLANG_WARN__DUPLICATE_METHOD_MATCH = YES;
				CODE_SIGN_IDENTITY = "iPhone Developer";
				COPY_PHASE_STRIP = NO;
				DEBUG_INFORMATION_FORMAT = "dwarf-with-dsym";
				ENABLE_NS_ASSERTIONS = NO;
				ENABLE_STRICT_OBJC_MSGSEND = YES;
				GCC_C_LANGUAGE_STANDARD = gnu11;
				GCC_NO_COMMON_BLOCKS = YES;
				GCC_WARN_64_TO_32_BIT_CONVERSION = YES;
				GCC_WARN_ABOUT_RETURN_TYPE = YES_ERROR;
				GCC_WARN_UNDECLARED_SELECTOR = YES;
				GCC_WARN_UNINITIALIZED_AUTOS = YES_AGGRESSIVE;
				GCC_WARN_UNUSED_FUNCTION = YES;
				GCC_WARN_UNUSED_VARIABLE = YES;
				IPHONEOS_DEPLOYMENT_TARGET = 12.2;
				MTL_ENABLE_DEBUG_INFO = NO;
				MTL_FAST_MATH = YES;
				SDKROOT = iphoneos;
				SWIFT_COMPILATION_MODE = wholemodule;
				SWIFT_OPTIMIZATION_LEVEL = "-O";
				VALIDATE_PRODUCT = YES;
			};
			name = Release;
		};
		E21C008C2268EFEE00E0ECCD /* Debug */ = {
			isa = XCBuildConfiguration;
			buildSettings = {
				ASSETCATALOG_COMPILER_APPICON_NAME = AppIcon;
				CODE_SIGN_STYLE = Automatic;
				DEVELOPMENT_TEAM = GYL934XVH2;
				INFOPLIST_FILE = "Login-Designs/Info.plist";
				LD_RUNPATH_SEARCH_PATHS = (
					"$(inherited)",
					"@executable_path/Frameworks",
				);
				PRODUCT_BUNDLE_IDENTIFIER = "me.gbrigens.Login-Designs";
				PRODUCT_NAME = "$(TARGET_NAME)";
				SWIFT_VERSION = 5.0;
				TARGETED_DEVICE_FAMILY = "1,2";
			};
			name = Debug;
		};
		E21C008D2268EFEE00E0ECCD /* Release */ = {
			isa = XCBuildConfiguration;
			buildSettings = {
				ASSETCATALOG_COMPILER_APPICON_NAME = AppIcon;
				CODE_SIGN_STYLE = Automatic;
				DEVELOPMENT_TEAM = GYL934XVH2;
				INFOPLIST_FILE = "Login-Designs/Info.plist";
				LD_RUNPATH_SEARCH_PATHS = (
					"$(inherited)",
					"@executable_path/Frameworks",
				);
				PRODUCT_BUNDLE_IDENTIFIER = "me.gbrigens.Login-Designs";
				PRODUCT_NAME = "$(TARGET_NAME)";
				SWIFT_VERSION = 5.0;
				TARGETED_DEVICE_FAMILY = "1,2";
			};
			name = Release;
		};
/* End XCBuildConfiguration section */

/* Begin XCConfigurationList section */
		E21C00742268EFEC00E0ECCD /* Build configuration list for PBXProject "Login-Designs" */ = {
			isa = XCConfigurationList;
			buildConfigurations = (
				E21C00892268EFEE00E0ECCD /* Debug */,
				E21C008A2268EFEE00E0ECCD /* Release */,
			);
			defaultConfigurationIsVisible = 0;
			defaultConfigurationName = Release;
		};
		E21C008B2268EFEE00E0ECCD /* Build configuration list for PBXNativeTarget "Login-Designs" */ = {
			isa = XCConfigurationList;
			buildConfigurations = (
				E21C008C2268EFEE00E0ECCD /* Debug */,
				E21C008D2268EFEE00E0ECCD /* Release */,
			);
			defaultConfigurationIsVisible = 0;
			defaultConfigurationName = Release;
		};
/* End XCConfigurationList section */

/* Begin XCRemoteSwiftPackageReference section */
		3304C7F426E116940003E6A4 /* XCRemoteSwiftPackageReference "SnapKit" */ = {
			isa = XCRemoteSwiftPackageReference;
			repositoryURL = "https://github.com/SnapKit/SnapKit.git";
			requirement = {
				branch = develop;
				kind = branch;
			};
		};
		3304C7F726E116C40003E6A4 /* XCRemoteSwiftPackageReference "IQKeyboardManager" */ = {
			isa = XCRemoteSwiftPackageReference;
			repositoryURL = "https://github.com/hackiftekhar/IQKeyboardManager.git";
			requirement = {
				kind = upToNextMajorVersion;
				minimumVersion = 6.0.0;
			};
		};
/* End XCRemoteSwiftPackageReference section */

/* Begin XCSwiftPackageProductDependency section */
		3304C7F526E116940003E6A4 /* SnapKit */ = {
			isa = XCSwiftPackageProductDependency;
			package = 3304C7F426E116940003E6A4 /* XCRemoteSwiftPackageReference "SnapKit" */;
			productName = SnapKit;
		};
		3304C7F826E116C40003E6A4 /* IQKeyboardManagerSwift */ = {
			isa = XCSwiftPackageProductDependency;
			package = 3304C7F726E116C40003E6A4 /* XCRemoteSwiftPackageReference "IQKeyboardManager" */;
			productName = IQKeyboardManagerSwift;
		};
/* End XCSwiftPackageProductDependency section */
	};
	rootObject = E21C00712268EFEC00E0ECCD /* Project object */;
}
